# This file is automatically @generated by Cargo.
# It is not intended for manual editing.
version = 4

[[package]]
name = "bitflags"
version = "2.10.0"
source = "registry+https://github.com/rust-lang/crates.io-index"
checksum = "812e12b5285cc515a9c72a5c1d3b6d46a19dac5acfef5265968c166106e31dd3"

[[package]]
name = "wasm2sh"
version = "0.1.0"
dependencies = [
 "wasmparser",
]

[[package]]
name = "wasmparser"
version = "0.240.0"
source = "registry+https://github.com/rust-lang/crates.io-index"
checksum = "b722dcf61e0ea47440b53ff83ccb5df8efec57a69d150e4f24882e4eba7e24a4"
dependencies = [
 "bitflags",
]
